
Microsoft Visual Studio Solution File, Format Version 12.00
# Visual Studio 15
VisualStudioVersion = 15.0.26430.16
MinimumVisualStudioVersion = 10.0.40219.1
Project("{FAE04EC0-301F-11D3-BF4B-00C04F79EFBC}") = "BindingProject.Android", "BindingProject\BindingProject.Android\BindingProject.Android.csproj", "{E61CD60A-E0D0-4F24-94EF-F3AC622B7294}"
EndProject
Project("{FAE04EC0-301F-11D3-BF4B-00C04F79EFBC}") = "BindingProject", "BindingProject\BindingProject\BindingProject.csproj", "{05A3B7E8-D539-4FA2-B1B2-F0EBED7437CC}"
EndProject
Project("{FAE04EC0-301F-11D3-BF4B-00C04F79EFBC}") = "BindingProject.UWP", "BindingProject\BindingProject.UWP\BindingProject.UWP.csproj", "{D2D0EEB7-BD79-415B-B20B-3A6C265BE56D}"
EndProject
Project("{FAE04EC0-301F-11D3-BF4B-00C04F79EFBC}") = "BindingProject.iOS", "BindingProject\BindingProject.iOS\BindingProject.iOS.csproj", "{ED8B50BF-274C-443B-AB4F-4C090F06EAAE}"
EndProject
Project("{2150E333-8FDC-42A3-9474-1A3956D46DE8}") = "Controls", "Controls", "{E7F2727F-1ECA-48B5-80AB-87283E014837}"
EndProject
Project("{FAE04EC0-301F-11D3-BF4B-00C04F79EFBC}") = "PSC.Xam.Controls.BindableRadioButton", "PSC.Xamarin.Controls.BindableRadioButton\PSC.Xam.Controls.BindableRadioButton.csproj", "{67F9D3A8-F71E-4428-913F-C37AE82CDB24}"
EndProject
Project("{FAE04EC0-301F-11D3-BF4B-00C04F79EFBC}") = "PSC.Xam.Controls.BindableRadioButton.UWP", "PSC.Xamarin.Controls.BindableRadioButton.UWP\PSC.Xam.Controls.BindableRadioButton.UWP.csproj", "{79DAB525-E308-43A2-9C5D-4A9667884E06}"
EndProject
Project("{FAE04EC0-301F-11D3-BF4B-00C04F79EFBC}") = "PSC.Xam.Controls.BindableCheckboxList", "PSC.Xamarin.Controls.BindableCheckboxList\PSC.Xam.Controls.BindableCheckboxList.csproj", "{63F1E3B5-0AD4-4A40-8B4B-2C7E368214C4}"
EndProject
Project("{FAE04EC0-301F-11D3-BF4B-00C04F79EFBC}") = "PSC.Xam.Controls.BindableRadioButton.Android", "PSC.Xam.Controls.BindableRadioButton.Android\PSC.Xam.Controls.BindableRadioButton.Android.csproj", "{1409FC19-DC09-41C4-9CCC-4023D6799CA4}"
EndProject
Project("{FAE04EC0-301F-11D3-BF4B-00C04F79EFBC}") = "PSC.Xam.Controls.BindableCheckboxList.Android", "PSC.Xam.Controls.BindableCheckboxList.Android\PSC.Xam.Controls.BindableCheckboxList.Android.csproj", "{9FDFFD8F-46E0-4E8C-A30A-F642F59254B9}"
EndProject
Project("{FAE04EC0-301F-11D3-BF4B-00C04F79EFBC}") = "PSC.Xam.Controls.BindableCheckboxList.UWP", "PSC.Xam.Controls.BindableCheckboxList.UWP\PSC.Xam.Controls.BindableCheckboxList.UWP.csproj", "{CDFB7AD2-CDB0-409B-8380-E1DFB39669ED}"
EndProject
Global
	GlobalSection(SolutionConfigurationPlatforms) = preSolution
		Ad-Hoc|Any CPU = Ad-Hoc|Any CPU
		Ad-Hoc|ARM = Ad-Hoc|ARM
		Ad-Hoc|iPhone = Ad-Hoc|iPhone
		Ad-Hoc|iPhoneSimulator = Ad-Hoc|iPhoneSimulator
		Ad-Hoc|x64 = Ad-Hoc|x64
		Ad-Hoc|x86 = Ad-Hoc|x86
		AppStore|Any CPU = AppStore|Any CPU
		AppStore|ARM = AppStore|ARM
		AppStore|iPhone = AppStore|iPhone
		AppStore|iPhoneSimulator = AppStore|iPhoneSimulator
		AppStore|x64 = AppStore|x64
		AppStore|x86 = AppStore|x86
		Debug|Any CPU = Debug|Any CPU
		Debug|ARM = Debug|ARM
		Debug|iPhone = Debug|iPhone
		Debug|iPhoneSimulator = Debug|iPhoneSimulator
		Debug|x64 = Debug|x64
		Debug|x86 = Debug|x86
		Release|Any CPU = Release|Any CPU
		Release|ARM = Release|ARM
		Release|iPhone = Release|iPhone
		Release|iPhoneSimulator = Release|iPhoneSimulator
		Release|x64 = Release|x64
		Release|x86 = Release|x86
	EndGlobalSection
	GlobalSection(ProjectConfigurationPlatforms) = postSolution
		{E61CD60A-E0D0-4F24-94EF-F3AC622B7294}.Ad-Hoc|Any CPU.ActiveCfg = Release|Any CPU
		{E61CD60A-E0D0-4F24-94EF-F3AC622B7294}.Ad-Hoc|Any CPU.Build.0 = Release|Any CPU
		{E61CD60A-E0D0-4F24-94EF-F3AC622B7294}.Ad-Hoc|Any CPU.Deploy.0 = Release|Any CPU
		{E61CD60A-E0D0-4F24-94EF-F3AC622B7294}.Ad-Hoc|ARM.ActiveCfg = Release|Any CPU
		{E61CD60A-E0D0-4F24-94EF-F3AC622B7294}.Ad-Hoc|ARM.Build.0 = Release|Any CPU
		{E61CD60A-E0D0-4F24-94EF-F3AC622B7294}.Ad-Hoc|ARM.Deploy.0 = Release|Any CPU
		{E61CD60A-E0D0-4F24-94EF-F3AC622B7294}.Ad-Hoc|iPhone.ActiveCfg = Release|Any CPU
		{E61CD60A-E0D0-4F24-94EF-F3AC622B7294}.Ad-Hoc|iPhone.Build.0 = Release|Any CPU
		{E61CD60A-E0D0-4F24-94EF-F3AC622B7294}.Ad-Hoc|iPhone.Deploy.0 = Release|Any CPU
		{E61CD60A-E0D0-4F24-94EF-F3AC622B7294}.Ad-Hoc|iPhoneSimulator.ActiveCfg = Release|Any CPU
		{E61CD60A-E0D0-4F24-94EF-F3AC622B7294}.Ad-Hoc|iPhoneSimulator.Build.0 = Release|Any CPU
		{E61CD60A-E0D0-4F24-94EF-F3AC622B7294}.Ad-Hoc|iPhoneSimulator.Deploy.0 = Release|Any CPU
		{E61CD60A-E0D0-4F24-94EF-F3AC622B7294}.Ad-Hoc|x64.ActiveCfg = Release|Any CPU
		{E61CD60A-E0D0-4F24-94EF-F3AC622B7294}.Ad-Hoc|x64.Build.0 = Release|Any CPU
		{E61CD60A-E0D0-4F24-94EF-F3AC622B7294}.Ad-Hoc|x64.Deploy.0 = Release|Any CPU
		{E61CD60A-E0D0-4F24-94EF-F3AC622B7294}.Ad-Hoc|x86.ActiveCfg = Release|Any CPU
		{E61CD60A-E0D0-4F24-94EF-F3AC622B7294}.Ad-Hoc|x86.Build.0 = Release|Any CPU
		{E61CD60A-E0D0-4F24-94EF-F3AC622B7294}.Ad-Hoc|x86.Deploy.0 = Release|Any CPU
		{E61CD60A-E0D0-4F24-94EF-F3AC622B7294}.AppStore|Any CPU.ActiveCfg = Release|Any CPU
		{E61CD60A-E0D0-4F24-94EF-F3AC622B7294}.AppStore|Any CPU.Build.0 = Release|Any CPU
		{E61CD60A-E0D0-4F24-94EF-F3AC622B7294}.AppStore|Any CPU.Deploy.0 = Release|Any CPU
		{E61CD60A-E0D0-4F24-94EF-F3AC622B7294}.AppStore|ARM.ActiveCfg = Release|Any CPU
		{E61CD60A-E0D0-4F24-94EF-F3AC622B7294}.AppStore|ARM.Build.0 = Release|Any CPU
		{E61CD60A-E0D0-4F24-94EF-F3AC622B7294}.AppStore|ARM.Deploy.0 = Release|Any CPU
		{E61CD60A-E0D0-4F24-94EF-F3AC622B7294}.AppStore|iPhone.ActiveCfg = Release|Any CPU
		{E61CD60A-E0D0-4F24-94EF-F3AC622B7294}.AppStore|iPhone.Build.0 = Release|Any CPU
		{E61CD60A-E0D0-4F24-94EF-F3AC622B7294}.AppStore|iPhone.Deploy.0 = Release|Any CPU
		{E61CD60A-E0D0-4F24-94EF-F3AC622B7294}.AppStore|iPhoneSimulator.ActiveCfg = Release|Any CPU
		{E61CD60A-E0D0-4F24-94EF-F3AC622B7294}.AppStore|iPhoneSimulator.Build.0 = Release|Any CPU
		{E61CD60A-E0D0-4F24-94EF-F3AC622B7294}.AppStore|iPhoneSimulator.Deploy.0 = Release|Any CPU
		{E61CD60A-E0D0-4F24-94EF-F3AC622B7294}.AppStore|x64.ActiveCfg = Release|Any CPU
		{E61CD60A-E0D0-4F24-94EF-F3AC622B7294}.AppStore|x64.Build.0 = Release|Any CPU
		{E61CD60A-E0D0-4F24-94EF-F3AC622B7294}.AppStore|x64.Deploy.0 = Release|Any CPU
		{E61CD60A-E0D0-4F24-94EF-F3AC622B7294}.AppStore|x86.ActiveCfg = Release|Any CPU
		{E61CD60A-E0D0-4F24-94EF-F3AC622B7294}.AppStore|x86.Build.0 = Release|Any CPU
		{E61CD60A-E0D0-4F24-94EF-F3AC622B7294}.AppStore|x86.Deploy.0 = Release|Any CPU
		{E61CD60A-E0D0-4F24-94EF-F3AC622B7294}.Debug|Any CPU.ActiveCfg = Debug|Any CPU
		{E61CD60A-E0D0-4F24-94EF-F3AC622B7294}.Debug|Any CPU.Build.0 = Debug|Any CPU
		{E61CD60A-E0D0-4F24-94EF-F3AC622B7294}.Debug|Any CPU.Deploy.0 = Debug|Any CPU
		{E61CD60A-E0D0-4F24-94EF-F3AC622B7294}.Debug|ARM.ActiveCfg = Debug|Any CPU
		{E61CD60A-E0D0-4F24-94EF-F3AC622B7294}.Debug|ARM.Build.0 = Debug|Any CPU
		{E61CD60A-E0D0-4F24-94EF-F3AC622B7294}.Debug|ARM.Deploy.0 = Debug|Any CPU
		{E61CD60A-E0D0-4F24-94EF-F3AC622B7294}.Debug|iPhone.ActiveCfg = Debug|Any CPU
		{E61CD60A-E0D0-4F24-94EF-F3AC622B7294}.Debug|iPhone.Build.0 = Debug|Any CPU
		{E61CD60A-E0D0-4F24-94EF-F3AC622B7294}.Debug|iPhone.Deploy.0 = Debug|Any CPU
		{E61CD60A-E0D0-4F24-94EF-F3AC622B7294}.Debug|iPhoneSimulator.ActiveCfg = Debug|Any CPU
		{E61CD60A-E0D0-4F24-94EF-F3AC622B7294}.Debug|iPhoneSimulator.Build.0 = Debug|Any CPU
		{E61CD60A-E0D0-4F24-94EF-F3AC622B7294}.Debug|iPhoneSimulator.Deploy.0 = Debug|Any CPU
		{E61CD60A-E0D0-4F24-94EF-F3AC622B7294}.Debug|x64.ActiveCfg = Debug|Any CPU
		{E61CD60A-E0D0-4F24-94EF-F3AC622B7294}.Debug|x64.Build.0 = Debug|Any CPU
		{E61CD60A-E0D0-4F24-94EF-F3AC622B7294}.Debug|x64.Deploy.0 = Debug|Any CPU
		{E61CD60A-E0D0-4F24-94EF-F3AC622B7294}.Debug|x86.ActiveCfg = Debug|Any CPU
		{E61CD60A-E0D0-4F24-94EF-F3AC622B7294}.Debug|x86.Build.0 = Debug|Any CPU
		{E61CD60A-E0D0-4F24-94EF-F3AC622B7294}.Debug|x86.Deploy.0 = Debug|Any CPU
		{E61CD60A-E0D0-4F24-94EF-F3AC622B7294}.Release|Any CPU.ActiveCfg = Release|Any CPU
		{E61CD60A-E0D0-4F24-94EF-F3AC622B7294}.Release|Any CPU.Build.0 = Release|Any CPU
		{E61CD60A-E0D0-4F24-94EF-F3AC622B7294}.Release|Any CPU.Deploy.0 = Release|Any CPU
		{E61CD60A-E0D0-4F24-94EF-F3AC622B7294}.Release|ARM.ActiveCfg = Release|Any CPU
		{E61CD60A-E0D0-4F24-94EF-F3AC622B7294}.Release|ARM.Build.0 = Release|Any CPU
		{E61CD60A-E0D0-4F24-94EF-F3AC622B7294}.Release|ARM.Deploy.0 = Release|Any CPU
		{E61CD60A-E0D0-4F24-94EF-F3AC622B7294}.Release|iPhone.ActiveCfg = Release|Any CPU
		{E61CD60A-E0D0-4F24-94EF-F3AC622B7294}.Release|iPhone.Build.0 = Release|Any CPU
		{E61CD60A-E0D0-4F24-94EF-F3AC622B7294}.Release|iPhone.Deploy.0 = Release|Any CPU
		{E61CD60A-E0D0-4F24-94EF-F3AC622B7294}.Release|iPhoneSimulator.ActiveCfg = Release|Any CPU
		{E61CD60A-E0D0-4F24-94EF-F3AC622B7294}.Release|iPhoneSimulator.Build.0 = Release|Any CPU
		{E61CD60A-E0D0-4F24-94EF-F3AC622B7294}.Release|iPhoneSimulator.Deploy.0 = Release|Any CPU
		{E61CD60A-E0D0-4F24-94EF-F3AC622B7294}.Release|x64.ActiveCfg = Release|Any CPU
		{E61CD60A-E0D0-4F24-94EF-F3AC622B7294}.Release|x64.Build.0 = Release|Any CPU
		{E61CD60A-E0D0-4F24-94EF-F3AC622B7294}.Release|x64.Deploy.0 = Release|Any CPU
		{E61CD60A-E0D0-4F24-94EF-F3AC622B7294}.Release|x86.ActiveCfg = Release|Any CPU
		{E61CD60A-E0D0-4F24-94EF-F3AC622B7294}.Release|x86.Build.0 = Release|Any CPU
		{E61CD60A-E0D0-4F24-94EF-F3AC622B7294}.Release|x86.Deploy.0 = Release|Any CPU
		{05A3B7E8-D539-4FA2-B1B2-F0EBED7437CC}.Ad-Hoc|Any CPU.ActiveCfg = Release|Any CPU
		{05A3B7E8-D539-4FA2-B1B2-F0EBED7437CC}.Ad-Hoc|Any CPU.Build.0 = Release|Any CPU
		{05A3B7E8-D539-4FA2-B1B2-F0EBED7437CC}.Ad-Hoc|ARM.ActiveCfg = Release|Any CPU
		{05A3B7E8-D539-4FA2-B1B2-F0EBED7437CC}.Ad-Hoc|ARM.Build.0 = Release|Any CPU
		{05A3B7E8-D539-4FA2-B1B2-F0EBED7437CC}.Ad-Hoc|iPhone.ActiveCfg = Release|Any CPU
		{05A3B7E8-D539-4FA2-B1B2-F0EBED7437CC}.Ad-Hoc|iPhone.Build.0 = Release|Any CPU
		{05A3B7E8-D539-4FA2-B1B2-F0EBED7437CC}.Ad-Hoc|iPhoneSimulator.ActiveCfg = Release|Any CPU
		{05A3B7E8-D539-4FA2-B1B2-F0EBED7437CC}.Ad-Hoc|iPhoneSimulator.Build.0 = Release|Any CPU
		{05A3B7E8-D539-4FA2-B1B2-F0EBED7437CC}.Ad-Hoc|x64.ActiveCfg = Release|Any CPU
		{05A3B7E8-D539-4FA2-B1B2-F0EBED7437CC}.Ad-Hoc|x64.Build.0 = Release|Any CPU
		{05A3B7E8-D539-4FA2-B1B2-F0EBED7437CC}.Ad-Hoc|x86.ActiveCfg = Release|Any CPU
		{05A3B7E8-D539-4FA2-B1B2-F0EBED7437CC}.Ad-Hoc|x86.Build.0 = Release|Any CPU
		{05A3B7E8-D539-4FA2-B1B2-F0EBED7437CC}.AppStore|Any CPU.ActiveCfg = Release|Any CPU
		{05A3B7E8-D539-4FA2-B1B2-F0EBED7437CC}.AppStore|Any CPU.Build.0 = Release|Any CPU
		{05A3B7E8-D539-4FA2-B1B2-F0EBED7437CC}.AppStore|ARM.ActiveCfg = Release|Any CPU
		{05A3B7E8-D539-4FA2-B1B2-F0EBED7437CC}.AppStore|ARM.Build.0 = Release|Any CPU
		{05A3B7E8-D539-4FA2-B1B2-F0EBED7437CC}.AppStore|iPhone.ActiveCfg = Release|Any CPU
		{05A3B7E8-D539-4FA2-B1B2-F0EBED7437CC}.AppStore|iPhone.Build.0 = Release|Any CPU
		{05A3B7E8-D539-4FA2-B1B2-F0EBED7437CC}.AppStore|iPhoneSimulator.ActiveCfg = Release|Any CPU
		{05A3B7E8-D539-4FA2-B1B2-F0EBED7437CC}.AppStore|iPhoneSimulator.Build.0 = Release|Any CPU
		{05A3B7E8-D539-4FA2-B1B2-F0EBED7437CC}.AppStore|x64.ActiveCfg = Release|Any CPU
		{05A3B7E8-D539-4FA2-B1B2-F0EBED7437CC}.AppStore|x64.Build.0 = Release|Any CPU
		{05A3B7E8-D539-4FA2-B1B2-F0EBED7437CC}.AppStore|x86.ActiveCfg = Release|Any CPU
		{05A3B7E8-D539-4FA2-B1B2-F0EBED7437CC}.AppStore|x86.Build.0 = Release|Any CPU
		{05A3B7E8-D539-4FA2-B1B2-F0EBED7437CC}.Debug|Any CPU.ActiveCfg = Debug|Any CPU
		{05A3B7E8-D539-4FA2-B1B2-F0EBED7437CC}.Debug|Any CPU.Build.0 = Debug|Any CPU
		{05A3B7E8-D539-4FA2-B1B2-F0EBED7437CC}.Debug|ARM.ActiveCfg = Debug|Any CPU
		{05A3B7E8-D539-4FA2-B1B2-F0EBED7437CC}.Debug|ARM.Build.0 = Debug|Any CPU
		{05A3B7E8-D539-4FA2-B1B2-F0EBED7437CC}.Debug|iPhone.ActiveCfg = Debug|Any CPU
		{05A3B7E8-D539-4FA2-B1B2-F0EBED7437CC}.Debug|iPhone.Build.0 = Debug|Any CPU
		{05A3B7E8-D539-4FA2-B1B2-F0EBED7437CC}.Debug|iPhoneSimulator.ActiveCfg = Debug|Any CPU
		{05A3B7E8-D539-4FA2-B1B2-F0EBED7437CC}.Debug|iPhoneSimulator.Build.0 = Debug|Any CPU
		{05A3B7E8-D539-4FA2-B1B2-F0EBED7437CC}.Debug|x64.ActiveCfg = Debug|Any CPU
		{05A3B7E8-D539-4FA2-B1B2-F0EBED7437CC}.Debug|x64.Build.0 = Debug|Any CPU
		{05A3B7E8-D539-4FA2-B1B2-F0EBED7437CC}.Debug|x86.ActiveCfg = Debug|Any CPU
		{05A3B7E8-D539-4FA2-B1B2-F0EBED7437CC}.Debug|x86.Build.0 = Debug|Any CPU
		{05A3B7E8-D539-4FA2-B1B2-F0EBED7437CC}.Release|Any CPU.ActiveCfg = Release|Any CPU
		{05A3B7E8-D539-4FA2-B1B2-F0EBED7437CC}.Release|Any CPU.Build.0 = Release|Any CPU
		{05A3B7E8-D539-4FA2-B1B2-F0EBED7437CC}.Release|ARM.ActiveCfg = Release|Any CPU
		{05A3B7E8-D539-4FA2-B1B2-F0EBED7437CC}.Release|ARM.Build.0 = Release|Any CPU
		{05A3B7E8-D539-4FA2-B1B2-F0EBED7437CC}.Release|iPhone.ActiveCfg = Release|Any CPU
		{05A3B7E8-D539-4FA2-B1B2-F0EBED7437CC}.Release|iPhone.Build.0 = Release|Any CPU
		{05A3B7E8-D539-4FA2-B1B2-F0EBED7437CC}.Release|iPhoneSimulator.ActiveCfg = Release|Any CPU
		{05A3B7E8-D539-4FA2-B1B2-F0EBED7437CC}.Release|iPhoneSimulator.Build.0 = Release|Any CPU
		{05A3B7E8-D539-4FA2-B1B2-F0EBED7437CC}.Release|x64.ActiveCfg = Release|Any CPU
		{05A3B7E8-D539-4FA2-B1B2-F0EBED7437CC}.Release|x64.Build.0 = Release|Any CPU
		{05A3B7E8-D539-4FA2-B1B2-F0EBED7437CC}.Release|x86.ActiveCfg = Release|Any CPU
		{05A3B7E8-D539-4FA2-B1B2-F0EBED7437CC}.Release|x86.Build.0 = Release|Any CPU
		{D2D0EEB7-BD79-415B-B20B-3A6C265BE56D}.Ad-Hoc|Any CPU.ActiveCfg = Release|x86
		{D2D0EEB7-BD79-415B-B20B-3A6C265BE56D}.Ad-Hoc|Any CPU.Build.0 = Release|x86
		{D2D0EEB7-BD79-415B-B20B-3A6C265BE56D}.Ad-Hoc|Any CPU.Deploy.0 = Release|x86
		{D2D0EEB7-BD79-415B-B20B-3A6C265BE56D}.Ad-Hoc|ARM.ActiveCfg = Release|ARM
		{D2D0EEB7-BD79-415B-B20B-3A6C265BE56D}.Ad-Hoc|ARM.Build.0 = Release|ARM
		{D2D0EEB7-BD79-415B-B20B-3A6C265BE56D}.Ad-Hoc|ARM.Deploy.0 = Release|ARM
		{D2D0EEB7-BD79-415B-B20B-3A6C265BE56D}.Ad-Hoc|iPhone.ActiveCfg = Release|x86
		{D2D0EEB7-BD79-415B-B20B-3A6C265BE56D}.Ad-Hoc|iPhone.Build.0 = Release|x86
		{D2D0EEB7-BD79-415B-B20B-3A6C265BE56D}.Ad-Hoc|iPhone.Deploy.0 = Release|x86
		{D2D0EEB7-BD79-415B-B20B-3A6C265BE56D}.Ad-Hoc|iPhoneSimulator.ActiveCfg = Release|x86
		{D2D0EEB7-BD79-415B-B20B-3A6C265BE56D}.Ad-Hoc|iPhoneSimulator.Build.0 = Release|x86
		{D2D0EEB7-BD79-415B-B20B-3A6C265BE56D}.Ad-Hoc|iPhoneSimulator.Deploy.0 = Release|x86
		{D2D0EEB7-BD79-415B-B20B-3A6C265BE56D}.Ad-Hoc|x64.ActiveCfg = Release|x64
		{D2D0EEB7-BD79-415B-B20B-3A6C265BE56D}.Ad-Hoc|x64.Build.0 = Release|x64
		{D2D0EEB7-BD79-415B-B20B-3A6C265BE56D}.Ad-Hoc|x64.Deploy.0 = Release|x64
		{D2D0EEB7-BD79-415B-B20B-3A6C265BE56D}.Ad-Hoc|x86.ActiveCfg = Release|x86
		{D2D0EEB7-BD79-415B-B20B-3A6C265BE56D}.Ad-Hoc|x86.Build.0 = Release|x86
		{D2D0EEB7-BD79-415B-B20B-3A6C265BE56D}.Ad-Hoc|x86.Deploy.0 = Release|x86
		{D2D0EEB7-BD79-415B-B20B-3A6C265BE56D}.AppStore|Any CPU.ActiveCfg = Release|x86
		{D2D0EEB7-BD79-415B-B20B-3A6C265BE56D}.AppStore|Any CPU.Build.0 = Release|x86
		{D2D0EEB7-BD79-415B-B20B-3A6C265BE56D}.AppStore|Any CPU.Deploy.0 = Release|x86
		{D2D0EEB7-BD79-415B-B20B-3A6C265BE56D}.AppStore|ARM.ActiveCfg = Release|ARM
		{D2D0EEB7-BD79-415B-B20B-3A6C265BE56D}.AppStore|ARM.Build.0 = Release|ARM
		{D2D0EEB7-BD79-415B-B20B-3A6C265BE56D}.AppStore|ARM.Deploy.0 = Release|ARM
		{D2D0EEB7-BD79-415B-B20B-3A6C265BE56D}.AppStore|iPhone.ActiveCfg = Release|x86
		{D2D0EEB7-BD79-415B-B20B-3A6C265BE56D}.AppStore|iPhone.Build.0 = Release|x86
		{D2D0EEB7-BD79-415B-B20B-3A6C265BE56D}.AppStore|iPhone.Deploy.0 = Release|x86
		{D2D0EEB7-BD79-415B-B20B-3A6C265BE56D}.AppStore|iPhoneSimulator.ActiveCfg = Release|x86
		{D2D0EEB7-BD79-415B-B20B-3A6C265BE56D}.AppStore|iPhoneSimulator.Build.0 = Release|x86
		{D2D0EEB7-BD79-415B-B20B-3A6C265BE56D}.AppStore|iPhoneSimulator.Deploy.0 = Release|x86
		{D2D0EEB7-BD79-415B-B20B-3A6C265BE56D}.AppStore|x64.ActiveCfg = Release|x64
		{D2D0EEB7-BD79-415B-B20B-3A6C265BE56D}.AppStore|x64.Build.0 = Release|x64
		{D2D0EEB7-BD79-415B-B20B-3A6C265BE56D}.AppStore|x64.Deploy.0 = Release|x64
		{D2D0EEB7-BD79-415B-B20B-3A6C265BE56D}.AppStore|x86.ActiveCfg = Release|x86
		{D2D0EEB7-BD79-415B-B20B-3A6C265BE56D}.AppStore|x86.Build.0 = Release|x86
		{D2D0EEB7-BD79-415B-B20B-3A6C265BE56D}.AppStore|x86.Deploy.0 = Release|x86
		{D2D0EEB7-BD79-415B-B20B-3A6C265BE56D}.Debug|Any CPU.ActiveCfg = Debug|x86
		{D2D0EEB7-BD79-415B-B20B-3A6C265BE56D}.Debug|ARM.ActiveCfg = Debug|ARM
		{D2D0EEB7-BD79-415B-B20B-3A6C265BE56D}.Debug|ARM.Build.0 = Debug|ARM
		{D2D0EEB7-BD79-415B-B20B-3A6C265BE56D}.Debug|ARM.Deploy.0 = Debug|ARM
		{D2D0EEB7-BD79-415B-B20B-3A6C265BE56D}.Debug|iPhone.ActiveCfg = Debug|x86
		{D2D0EEB7-BD79-415B-B20B-3A6C265BE56D}.Debug|iPhoneSimulator.ActiveCfg = Debug|x86
		{D2D0EEB7-BD79-415B-B20B-3A6C265BE56D}.Debug|x64.ActiveCfg = Debug|x64
		{D2D0EEB7-BD79-415B-B20B-3A6C265BE56D}.Debug|x64.Build.0 = Debug|x64
		{D2D0EEB7-BD79-415B-B20B-3A6C265BE56D}.Debug|x64.Deploy.0 = Debug|x64
		{D2D0EEB7-BD79-415B-B20B-3A6C265BE56D}.Debug|x86.ActiveCfg = Debug|x86
		{D2D0EEB7-BD79-415B-B20B-3A6C265BE56D}.Debug|x86.Build.0 = Debug|x86
		{D2D0EEB7-BD79-415B-B20B-3A6C265BE56D}.Debug|x86.Deploy.0 = Debug|x86
		{D2D0EEB7-BD79-415B-B20B-3A6C265BE56D}.Release|Any CPU.ActiveCfg = Release|x86
		{D2D0EEB7-BD79-415B-B20B-3A6C265BE56D}.Release|ARM.ActiveCfg = Release|ARM
		{D2D0EEB7-BD79-415B-B20B-3A6C265BE56D}.Release|ARM.Build.0 = Release|ARM
		{D2D0EEB7-BD79-415B-B20B-3A6C265BE56D}.Release|ARM.Deploy.0 = Release|ARM
		{D2D0EEB7-BD79-415B-B20B-3A6C265BE56D}.Release|iPhone.ActiveCfg = Release|x86
		{D2D0EEB7-BD79-415B-B20B-3A6C265BE56D}.Release|iPhoneSimulator.ActiveCfg = Release|x86
		{D2D0EEB7-BD79-415B-B20B-3A6C265BE56D}.Release|x64.ActiveCfg = Release|x64
		{D2D0EEB7-BD79-415B-B20B-3A6C265BE56D}.Release|x64.Build.0 = Release|x64
		{D2D0EEB7-BD79-415B-B20B-3A6C265BE56D}.Release|x64.Deploy.0 = Release|x64
		{D2D0EEB7-BD79-415B-B20B-3A6C265BE56D}.Release|x86.ActiveCfg = Release|x86
		{D2D0EEB7-BD79-415B-B20B-3A6C265BE56D}.Release|x86.Build.0 = Release|x86
		{D2D0EEB7-BD79-415B-B20B-3A6C265BE56D}.Release|x86.Deploy.0 = Release|x86
		{ED8B50BF-274C-443B-AB4F-4C090F06EAAE}.Ad-Hoc|Any CPU.ActiveCfg = Ad-Hoc|iPhone
		{ED8B50BF-274C-443B-AB4F-4C090F06EAAE}.Ad-Hoc|ARM.ActiveCfg = Ad-Hoc|iPhone
		{ED8B50BF-274C-443B-AB4F-4C090F06EAAE}.Ad-Hoc|iPhone.ActiveCfg = Ad-Hoc|iPhone
		{ED8B50BF-274C-443B-AB4F-4C090F06EAAE}.Ad-Hoc|iPhone.Build.0 = Ad-Hoc|iPhone
		{ED8B50BF-274C-443B-AB4F-4C090F06EAAE}.Ad-Hoc|iPhoneSimulator.ActiveCfg = Ad-Hoc|iPhoneSimulator
		{ED8B50BF-274C-443B-AB4F-4C090F06EAAE}.Ad-Hoc|iPhoneSimulator.Build.0 = Ad-Hoc|iPhoneSimulator
		{ED8B50BF-274C-443B-AB4F-4C090F06EAAE}.Ad-Hoc|x64.ActiveCfg = Ad-Hoc|iPhone
		{ED8B50BF-274C-443B-AB4F-4C090F06EAAE}.Ad-Hoc|x86.ActiveCfg = Ad-Hoc|iPhone
		{ED8B50BF-274C-443B-AB4F-4C090F06EAAE}.AppStore|Any CPU.ActiveCfg = AppStore|iPhone
		{ED8B50BF-274C-443B-AB4F-4C090F06EAAE}.AppStore|ARM.ActiveCfg = AppStore|iPhone
		{ED8B50BF-274C-443B-AB4F-4C090F06EAAE}.AppStore|iPhone.ActiveCfg = AppStore|iPhone
		{ED8B50BF-274C-443B-AB4F-4C090F06EAAE}.AppStore|iPhone.Build.0 = AppStore|iPhone
		{ED8B50BF-274C-443B-AB4F-4C090F06EAAE}.AppStore|iPhoneSimulator.ActiveCfg = AppStore|iPhoneSimulator
		{ED8B50BF-274C-443B-AB4F-4C090F06EAAE}.AppStore|iPhoneSimulator.Build.0 = AppStore|iPhoneSimulator
		{ED8B50BF-274C-443B-AB4F-4C090F06EAAE}.AppStore|x64.ActiveCfg = AppStore|iPhone
		{ED8B50BF-274C-443B-AB4F-4C090F06EAAE}.AppStore|x86.ActiveCfg = AppStore|iPhone
		{ED8B50BF-274C-443B-AB4F-4C090F06EAAE}.Debug|Any CPU.ActiveCfg = Debug|iPhone
		{ED8B50BF-274C-443B-AB4F-4C090F06EAAE}.Debug|ARM.ActiveCfg = Debug|iPhone
		{ED8B50BF-274C-443B-AB4F-4C090F06EAAE}.Debug|iPhone.ActiveCfg = Debug|iPhone
		{ED8B50BF-274C-443B-AB4F-4C090F06EAAE}.Debug|iPhone.Build.0 = Debug|iPhone
		{ED8B50BF-274C-443B-AB4F-4C090F06EAAE}.Debug|iPhoneSimulator.ActiveCfg = Debug|iPhoneSimulator
		{ED8B50BF-274C-443B-AB4F-4C090F06EAAE}.Debug|iPhoneSimulator.Build.0 = Debug|iPhoneSimulator
		{ED8B50BF-274C-443B-AB4F-4C090F06EAAE}.Debug|x64.ActiveCfg = Debug|iPhone
		{ED8B50BF-274C-443B-AB4F-4C090F06EAAE}.Debug|x86.ActiveCfg = Debug|iPhone
		{ED8B50BF-274C-443B-AB4F-4C090F06EAAE}.Release|Any CPU.ActiveCfg = Release|iPhone
		{ED8B50BF-274C-443B-AB4F-4C090F06EAAE}.Release|ARM.ActiveCfg = Release|iPhone
		{ED8B50BF-274C-443B-AB4F-4C090F06EAAE}.Release|iPhone.ActiveCfg = Release|iPhone
		{ED8B50BF-274C-443B-AB4F-4C090F06EAAE}.Release|iPhone.Build.0 = Release|iPhone
		{ED8B50BF-274C-443B-AB4F-4C090F06EAAE}.Release|iPhoneSimulator.ActiveCfg = Release|iPhoneSimulator
		{ED8B50BF-274C-443B-AB4F-4C090F06EAAE}.Release|iPhoneSimulator.Build.0 = Release|iPhoneSimulator
		{ED8B50BF-274C-443B-AB4F-4C090F06EAAE}.Release|x64.ActiveCfg = Release|iPhone
		{ED8B50BF-274C-443B-AB4F-4C090F06EAAE}.Release|x86.ActiveCfg = Release|iPhone
		{67F9D3A8-F71E-4428-913F-C37AE82CDB24}.Ad-Hoc|Any CPU.ActiveCfg = Release|Any CPU
		{67F9D3A8-F71E-4428-913F-C37AE82CDB24}.Ad-Hoc|Any CPU.Build.0 = Release|Any CPU
		{67F9D3A8-F71E-4428-913F-C37AE82CDB24}.Ad-Hoc|ARM.ActiveCfg = Release|Any CPU
		{67F9D3A8-F71E-4428-913F-C37AE82CDB24}.Ad-Hoc|ARM.Build.0 = Release|Any CPU
		{67F9D3A8-F71E-4428-913F-C37AE82CDB24}.Ad-Hoc|iPhone.ActiveCfg = Release|Any CPU
		{67F9D3A8-F71E-4428-913F-C37AE82CDB24}.Ad-Hoc|iPhone.Build.0 = Release|Any CPU
		{67F9D3A8-F71E-4428-913F-C37AE82CDB24}.Ad-Hoc|iPhoneSimulator.ActiveCfg = Release|Any CPU
		{67F9D3A8-F71E-4428-913F-C37AE82CDB24}.Ad-Hoc|iPhoneSimulator.Build.0 = Release|Any CPU
		{67F9D3A8-F71E-4428-913F-C37AE82CDB24}.Ad-Hoc|x64.ActiveCfg = Release|Any CPU
		{67F9D3A8-F71E-4428-913F-C37AE82CDB24}.Ad-Hoc|x64.Build.0 = Release|Any CPU
		{67F9D3A8-F71E-4428-913F-C37AE82CDB24}.Ad-Hoc|x86.ActiveCfg = Release|Any CPU
		{67F9D3A8-F71E-4428-913F-C37AE82CDB24}.Ad-Hoc|x86.Build.0 = Release|Any CPU
		{67F9D3A8-F71E-4428-913F-C37AE82CDB24}.AppStore|Any CPU.ActiveCfg = Release|Any CPU
		{67F9D3A8-F71E-4428-913F-C37AE82CDB24}.AppStore|Any CPU.Build.0 = Release|Any CPU
		{67F9D3A8-F71E-4428-913F-C37AE82CDB24}.AppStore|ARM.ActiveCfg = Release|Any CPU
		{67F9D3A8-F71E-4428-913F-C37AE82CDB24}.AppStore|ARM.Build.0 = Release|Any CPU
		{67F9D3A8-F71E-4428-913F-C37AE82CDB24}.AppStore|iPhone.ActiveCfg = Release|Any CPU
		{67F9D3A8-F71E-4428-913F-C37AE82CDB24}.AppStore|iPhone.Build.0 = Release|Any CPU
		{67F9D3A8-F71E-4428-913F-C37AE82CDB24}.AppStore|iPhoneSimulator.ActiveCfg = Release|Any CPU
		{67F9D3A8-F71E-4428-913F-C37AE82CDB24}.AppStore|iPhoneSimulator.Build.0 = Release|Any CPU
		{67F9D3A8-F71E-4428-913F-C37AE82CDB24}.AppStore|x64.ActiveCfg = Release|Any CPU
		{67F9D3A8-F71E-4428-913F-C37AE82CDB24}.AppStore|x64.Build.0 = Release|Any CPU
		{67F9D3A8-F71E-4428-913F-C37AE82CDB24}.AppStore|x86.ActiveCfg = Release|Any CPU
		{67F9D3A8-F71E-4428-913F-C37AE82CDB24}.AppStore|x86.Build.0 = Release|Any CPU
		{67F9D3A8-F71E-4428-913F-C37AE82CDB24}.Debug|Any CPU.ActiveCfg = Debug|Any CPU
		{67F9D3A8-F71E-4428-913F-C37AE82CDB24}.Debug|Any CPU.Build.0 = Debug|Any CPU
		{67F9D3A8-F71E-4428-913F-C37AE82CDB24}.Debug|ARM.ActiveCfg = Debug|Any CPU
		{67F9D3A8-F71E-4428-913F-C37AE82CDB24}.Debug|ARM.Build.0 = Debug|Any CPU
		{67F9D3A8-F71E-4428-913F-C37AE82CDB24}.Debug|iPhone.ActiveCfg = Debug|Any CPU
		{67F9D3A8-F71E-4428-913F-C37AE82CDB24}.Debug|iPhone.Build.0 = Debug|Any CPU
		{67F9D3A8-F71E-4428-913F-C37AE82CDB24}.Debug|iPhoneSimulator.ActiveCfg = Debug|Any CPU
		{67F9D3A8-F71E-4428-913F-C37AE82CDB24}.Debug|iPhoneSimulator.Build.0 = Debug|Any CPU
		{67F9D3A8-F71E-4428-913F-C37AE82CDB24}.Debug|x64.ActiveCfg = Debug|Any CPU
		{67F9D3A8-F71E-4428-913F-C37AE82CDB24}.Debug|x64.Build.0 = Debug|Any CPU
		{67F9D3A8-F71E-4428-913F-C37AE82CDB24}.Debug|x86.ActiveCfg = Debug|Any CPU
		{67F9D3A8-F71E-4428-913F-C37AE82CDB24}.Debug|x86.Build.0 = Debug|Any CPU
		{67F9D3A8-F71E-4428-913F-C37AE82CDB24}.Release|Any CPU.ActiveCfg = Release|Any CPU
		{67F9D3A8-F71E-4428-913F-C37AE82CDB24}.Release|Any CPU.Build.0 = Release|Any CPU
		{67F9D3A8-F71E-4428-913F-C37AE82CDB24}.Release|ARM.ActiveCfg = Release|Any CPU
		{67F9D3A8-F71E-4428-913F-C37AE82CDB24}.Release|ARM.Build.0 = Release|Any CPU
		{67F9D3A8-F71E-4428-913F-C37AE82CDB24}.Release|iPhone.ActiveCfg = Release|Any CPU
		{67F9D3A8-F71E-4428-913F-C37AE82CDB24}.Release|iPhone.Build.0 = Release|Any CPU
		{67F9D3A8-F71E-4428-913F-C37AE82CDB24}.Release|iPhoneSimulator.ActiveCfg = Release|Any CPU
		{67F9D3A8-F71E-4428-913F-C37AE82CDB24}.Release|iPhoneSimulator.Build.0 = Release|Any CPU
		{67F9D3A8-F71E-4428-913F-C37AE82CDB24}.Release|x64.ActiveCfg = Release|Any CPU
		{67F9D3A8-F71E-4428-913F-C37AE82CDB24}.Release|x64.Build.0 = Release|Any CPU
		{67F9D3A8-F71E-4428-913F-C37AE82CDB24}.Release|x86.ActiveCfg = Release|Any CPU
		{67F9D3A8-F71E-4428-913F-C37AE82CDB24}.Release|x86.Build.0 = Release|Any CPU
		{79DAB525-E308-43A2-9C5D-4A9667884E06}.Ad-Hoc|Any CPU.ActiveCfg = Release|Any CPU
		{79DAB525-E308-43A2-9C5D-4A9667884E06}.Ad-Hoc|Any CPU.Build.0 = Release|Any CPU
		{79DAB525-E308-43A2-9C5D-4A9667884E06}.Ad-Hoc|ARM.ActiveCfg = Release|ARM
		{79DAB525-E308-43A2-9C5D-4A9667884E06}.Ad-Hoc|ARM.Build.0 = Release|ARM
		{79DAB525-E308-43A2-9C5D-4A9667884E06}.Ad-Hoc|iPhone.ActiveCfg = Release|Any CPU
		{79DAB525-E308-43A2-9C5D-4A9667884E06}.Ad-Hoc|iPhone.Build.0 = Release|Any CPU
		{79DAB525-E308-43A2-9C5D-4A9667884E06}.Ad-Hoc|iPhoneSimulator.ActiveCfg = Release|Any CPU
		{79DAB525-E308-43A2-9C5D-4A9667884E06}.Ad-Hoc|iPhoneSimulator.Build.0 = Release|Any CPU
		{79DAB525-E308-43A2-9C5D-4A9667884E06}.Ad-Hoc|x64.ActiveCfg = Release|x64
		{79DAB525-E308-43A2-9C5D-4A9667884E06}.Ad-Hoc|x64.Build.0 = Release|x64
		{79DAB525-E308-43A2-9C5D-4A9667884E06}.Ad-Hoc|x86.ActiveCfg = Release|x86
		{79DAB525-E308-43A2-9C5D-4A9667884E06}.Ad-Hoc|x86.Build.0 = Release|x86
		{79DAB525-E308-43A2-9C5D-4A9667884E06}.AppStore|Any CPU.ActiveCfg = Release|Any CPU
		{79DAB525-E308-43A2-9C5D-4A9667884E06}.AppStore|Any CPU.Build.0 = Release|Any CPU
		{79DAB525-E308-43A2-9C5D-4A9667884E06}.AppStore|ARM.ActiveCfg = Release|ARM
		{79DAB525-E308-43A2-9C5D-4A9667884E06}.AppStore|ARM.Build.0 = Release|ARM
		{79DAB525-E308-43A2-9C5D-4A9667884E06}.AppStore|iPhone.ActiveCfg = Release|Any CPU
		{79DAB525-E308-43A2-9C5D-4A9667884E06}.AppStore|iPhone.Build.0 = Release|Any CPU
		{79DAB525-E308-43A2-9C5D-4A9667884E06}.AppStore|iPhoneSimulator.ActiveCfg = Release|Any CPU
		{79DAB525-E308-43A2-9C5D-4A9667884E06}.AppStore|iPhoneSimulator.Build.0 = Release|Any CPU
		{79DAB525-E308-43A2-9C5D-4A9667884E06}.AppStore|x64.ActiveCfg = Release|x64
		{79DAB525-E308-43A2-9C5D-4A9667884E06}.AppStore|x64.Build.0 = Release|x64
		{79DAB525-E308-43A2-9C5D-4A9667884E06}.AppStore|x86.ActiveCfg = Release|x86
		{79DAB525-E308-43A2-9C5D-4A9667884E06}.AppStore|x86.Build.0 = Release|x86
		{79DAB525-E308-43A2-9C5D-4A9667884E06}.Debug|Any CPU.ActiveCfg = Debug|Any CPU
		{79DAB525-E308-43A2-9C5D-4A9667884E06}.Debug|Any CPU.Build.0 = Debug|Any CPU
		{79DAB525-E308-43A2-9C5D-4A9667884E06}.Debug|ARM.ActiveCfg = Debug|ARM
		{79DAB525-E308-43A2-9C5D-4A9667884E06}.Debug|ARM.Build.0 = Debug|ARM
		{79DAB525-E308-43A2-9C5D-4A9667884E06}.Debug|iPhone.ActiveCfg = Debug|Any CPU
		{79DAB525-E308-43A2-9C5D-4A9667884E06}.Debug|iPhone.Build.0 = Debug|Any CPU
		{79DAB525-E308-43A2-9C5D-4A9667884E06}.Debug|iPhoneSimulator.ActiveCfg = Debug|Any CPU
		{79DAB525-E308-43A2-9C5D-4A9667884E06}.Debug|iPhoneSimulator.Build.0 = Debug|Any CPU
		{79DAB525-E308-43A2-9C5D-4A9667884E06}.Debug|x64.ActiveCfg = Debug|x64
		{79DAB525-E308-43A2-9C5D-4A9667884E06}.Debug|x64.Build.0 = Debug|x64
		{79DAB525-E308-43A2-9C5D-4A9667884E06}.Debug|x86.ActiveCfg = Debug|x86
		{79DAB525-E308-43A2-9C5D-4A9667884E06}.Debug|x86.Build.0 = Debug|x86
		{79DAB525-E308-43A2-9C5D-4A9667884E06}.Release|Any CPU.ActiveCfg = Release|Any CPU
		{79DAB525-E308-43A2-9C5D-4A9667884E06}.Release|Any CPU.Build.0 = Release|Any CPU
		{79DAB525-E308-43A2-9C5D-4A9667884E06}.Release|ARM.ActiveCfg = Release|ARM
		{79DAB525-E308-43A2-9C5D-4A9667884E06}.Release|ARM.Build.0 = Release|ARM
		{79DAB525-E308-43A2-9C5D-4A9667884E06}.Release|iPhone.ActiveCfg = Release|Any CPU
		{79DAB525-E308-43A2-9C5D-4A9667884E06}.Release|iPhone.Build.0 = Release|Any CPU
		{79DAB525-E308-43A2-9C5D-4A9667884E06}.Release|iPhoneSimulator.ActiveCfg = Release|Any CPU
		{79DAB525-E308-43A2-9C5D-4A9667884E06}.Release|iPhoneSimulator.Build.0 = Release|Any CPU
		{79DAB525-E308-43A2-9C5D-4A9667884E06}.Release|x64.ActiveCfg = Release|x64
		{79DAB525-E308-43A2-9C5D-4A9667884E06}.Release|x64.Build.0 = Release|x64
		{79DAB525-E308-43A2-9C5D-4A9667884E06}.Release|x86.ActiveCfg = Release|x86
		{79DAB525-E308-43A2-9C5D-4A9667884E06}.Release|x86.Build.0 = Release|x86
		{63F1E3B5-0AD4-4A40-8B4B-2C7E368214C4}.Ad-Hoc|Any CPU.ActiveCfg = Release|Any CPU
		{63F1E3B5-0AD4-4A40-8B4B-2C7E368214C4}.Ad-Hoc|Any CPU.Build.0 = Release|Any CPU
		{63F1E3B5-0AD4-4A40-8B4B-2C7E368214C4}.Ad-Hoc|ARM.ActiveCfg = Release|Any CPU
		{63F1E3B5-0AD4-4A40-8B4B-2C7E368214C4}.Ad-Hoc|ARM.Build.0 = Release|Any CPU
		{63F1E3B5-0AD4-4A40-8B4B-2C7E368214C4}.Ad-Hoc|iPhone.ActiveCfg = Release|Any CPU
		{63F1E3B5-0AD4-4A40-8B4B-2C7E368214C4}.Ad-Hoc|iPhone.Build.0 = Release|Any CPU
		{63F1E3B5-0AD4-4A40-8B4B-2C7E368214C4}.Ad-Hoc|iPhoneSimulator.ActiveCfg = Release|Any CPU
		{63F1E3B5-0AD4-4A40-8B4B-2C7E368214C4}.Ad-Hoc|iPhoneSimulator.Build.0 = Release|Any CPU
		{63F1E3B5-0AD4-4A40-8B4B-2C7E368214C4}.Ad-Hoc|x64.ActiveCfg = Release|Any CPU
		{63F1E3B5-0AD4-4A40-8B4B-2C7E368214C4}.Ad-Hoc|x64.Build.0 = Release|Any CPU
		{63F1E3B5-0AD4-4A40-8B4B-2C7E368214C4}.Ad-Hoc|x86.ActiveCfg = Release|Any CPU
		{63F1E3B5-0AD4-4A40-8B4B-2C7E368214C4}.Ad-Hoc|x86.Build.0 = Release|Any CPU
		{63F1E3B5-0AD4-4A40-8B4B-2C7E368214C4}.AppStore|Any CPU.ActiveCfg = Release|Any CPU
		{63F1E3B5-0AD4-4A40-8B4B-2C7E368214C4}.AppStore|Any CPU.Build.0 = Release|Any CPU
		{63F1E3B5-0AD4-4A40-8B4B-2C7E368214C4}.AppStore|ARM.ActiveCfg = Release|Any CPU
		{63F1E3B5-0AD4-4A40-8B4B-2C7E368214C4}.AppStore|ARM.Build.0 = Release|Any CPU
		{63F1E3B5-0AD4-4A40-8B4B-2C7E368214C4}.AppStore|iPhone.ActiveCfg = Release|Any CPU
		{63F1E3B5-0AD4-4A40-8B4B-2C7E368214C4}.AppStore|iPhone.Build.0 = Release|Any CPU
		{63F1E3B5-0AD4-4A40-8B4B-2C7E368214C4}.AppStore|iPhoneSimulator.ActiveCfg = Release|Any CPU
		{63F1E3B5-0AD4-4A40-8B4B-2C7E368214C4}.AppStore|iPhoneSimulator.Build.0 = Release|Any CPU
		{63F1E3B5-0AD4-4A40-8B4B-2C7E368214C4}.AppStore|x64.ActiveCfg = Release|Any CPU
		{63F1E3B5-0AD4-4A40-8B4B-2C7E368214C4}.AppStore|x64.Build.0 = Release|Any CPU
		{63F1E3B5-0AD4-4A40-8B4B-2C7E368214C4}.AppStore|x86.ActiveCfg = Release|Any CPU
		{63F1E3B5-0AD4-4A40-8B4B-2C7E368214C4}.AppStore|x86.Build.0 = Release|Any CPU
		{63F1E3B5-0AD4-4A40-8B4B-2C7E368214C4}.Debug|Any CPU.ActiveCfg = Debug|Any CPU
		{63F1E3B5-0AD4-4A40-8B4B-2C7E368214C4}.Debug|Any CPU.Build.0 = Debug|Any CPU
		{63F1E3B5-0AD4-4A40-8B4B-2C7E368214C4}.Debug|ARM.ActiveCfg = Debug|Any CPU
		{63F1E3B5-0AD4-4A40-8B4B-2C7E368214C4}.Debug|ARM.Build.0 = Debug|Any CPU
		{63F1E3B5-0AD4-4A40-8B4B-2C7E368214C4}.Debug|iPhone.ActiveCfg = Debug|Any CPU
		{63F1E3B5-0AD4-4A40-8B4B-2C7E368214C4}.Debug|iPhone.Build.0 = Debug|Any CPU
		{63F1E3B5-0AD4-4A40-8B4B-2C7E368214C4}.Debug|iPhoneSimulator.ActiveCfg = Debug|Any CPU
		{63F1E3B5-0AD4-4A40-8B4B-2C7E368214C4}.Debug|iPhoneSimulator.Build.0 = Debug|Any CPU
		{63F1E3B5-0AD4-4A40-8B4B-2C7E368214C4}.Debug|x64.ActiveCfg = Debug|Any CPU
		{63F1E3B5-0AD4-4A40-8B4B-2C7E368214C4}.Debug|x64.Build.0 = Debug|Any CPU
		{63F1E3B5-0AD4-4A40-8B4B-2C7E368214C4}.Debug|x86.ActiveCfg = Debug|Any CPU
		{63F1E3B5-0AD4-4A40-8B4B-2C7E368214C4}.Debug|x86.Build.0 = Debug|Any CPU
		{63F1E3B5-0AD4-4A40-8B4B-2C7E368214C4}.Release|Any CPU.ActiveCfg = Release|Any CPU
		{63F1E3B5-0AD4-4A40-8B4B-2C7E368214C4}.Release|Any CPU.Build.0 = Release|Any CPU
		{63F1E3B5-0AD4-4A40-8B4B-2C7E368214C4}.Release|ARM.ActiveCfg = Release|Any CPU
		{63F1E3B5-0AD4-4A40-8B4B-2C7E368214C4}.Release|ARM.Build.0 = Release|Any CPU
		{63F1E3B5-0AD4-4A40-8B4B-2C7E368214C4}.Release|iPhone.ActiveCfg = Release|Any CPU
		{63F1E3B5-0AD4-4A40-8B4B-2C7E368214C4}.Release|iPhone.Build.0 = Release|Any CPU
		{63F1E3B5-0AD4-4A40-8B4B-2C7E368214C4}.Release|iPhoneSimulator.ActiveCfg = Release|Any CPU
		{63F1E3B5-0AD4-4A40-8B4B-2C7E368214C4}.Release|iPhoneSimulator.Build.0 = Release|Any CPU
		{63F1E3B5-0AD4-4A40-8B4B-2C7E368214C4}.Release|x64.ActiveCfg = Release|Any CPU
		{63F1E3B5-0AD4-4A40-8B4B-2C7E368214C4}.Release|x64.Build.0 = Release|Any CPU
		{63F1E3B5-0AD4-4A40-8B4B-2C7E368214C4}.Release|x86.ActiveCfg = Release|Any CPU
		{63F1E3B5-0AD4-4A40-8B4B-2C7E368214C4}.Release|x86.Build.0 = Release|Any CPU
		{1409FC19-DC09-41C4-9CCC-4023D6799CA4}.Ad-Hoc|Any CPU.ActiveCfg = Release|Any CPU
		{1409FC19-DC09-41C4-9CCC-4023D6799CA4}.Ad-Hoc|Any CPU.Build.0 = Release|Any CPU
		{1409FC19-DC09-41C4-9CCC-4023D6799CA4}.Ad-Hoc|ARM.ActiveCfg = Release|Any CPU
		{1409FC19-DC09-41C4-9CCC-4023D6799CA4}.Ad-Hoc|ARM.Build.0 = Release|Any CPU
		{1409FC19-DC09-41C4-9CCC-4023D6799CA4}.Ad-Hoc|iPhone.ActiveCfg = Release|Any CPU
		{1409FC19-DC09-41C4-9CCC-4023D6799CA4}.Ad-Hoc|iPhone.Build.0 = Release|Any CPU
		{1409FC19-DC09-41C4-9CCC-4023D6799CA4}.Ad-Hoc|iPhoneSimulator.ActiveCfg = Release|Any CPU
		{1409FC19-DC09-41C4-9CCC-4023D6799CA4}.Ad-Hoc|iPhoneSimulator.Build.0 = Release|Any CPU
		{1409FC19-DC09-41C4-9CCC-4023D6799CA4}.Ad-Hoc|x64.ActiveCfg = Release|Any CPU
		{1409FC19-DC09-41C4-9CCC-4023D6799CA4}.Ad-Hoc|x64.Build.0 = Release|Any CPU
		{1409FC19-DC09-41C4-9CCC-4023D6799CA4}.Ad-Hoc|x86.ActiveCfg = Release|Any CPU
		{1409FC19-DC09-41C4-9CCC-4023D6799CA4}.Ad-Hoc|x86.Build.0 = Release|Any CPU
		{1409FC19-DC09-41C4-9CCC-4023D6799CA4}.AppStore|Any CPU.ActiveCfg = Release|Any CPU
		{1409FC19-DC09-41C4-9CCC-4023D6799CA4}.AppStore|Any CPU.Build.0 = Release|Any CPU
		{1409FC19-DC09-41C4-9CCC-4023D6799CA4}.AppStore|ARM.ActiveCfg = Release|Any CPU
		{1409FC19-DC09-41C4-9CCC-4023D6799CA4}.AppStore|ARM.Build.0 = Release|Any CPU
		{1409FC19-DC09-41C4-9CCC-4023D6799CA4}.AppStore|iPhone.ActiveCfg = Release|Any CPU
		{1409FC19-DC09-41C4-9CCC-4023D6799CA4}.AppStore|iPhone.Build.0 = Release|Any CPU
		{1409FC19-DC09-41C4-9CCC-4023D6799CA4}.AppStore|iPhoneSimulator.ActiveCfg = Release|Any CPU
		{1409FC19-DC09-41C4-9CCC-4023D6799CA4}.AppStore|iPhoneSimulator.Build.0 = Release|Any CPU
		{1409FC19-DC09-41C4-9CCC-4023D6799CA4}.AppStore|x64.ActiveCfg = Release|Any CPU
		{1409FC19-DC09-41C4-9CCC-4023D6799CA4}.AppStore|x64.Build.0 = Release|Any CPU
		{1409FC19-DC09-41C4-9CCC-4023D6799CA4}.AppStore|x86.ActiveCfg = Release|Any CPU
		{1409FC19-DC09-41C4-9CCC-4023D6799CA4}.AppStore|x86.Build.0 = Release|Any CPU
		{1409FC19-DC09-41C4-9CCC-4023D6799CA4}.Debug|Any CPU.ActiveCfg = Debug|Any CPU
		{1409FC19-DC09-41C4-9CCC-4023D6799CA4}.Debug|Any CPU.Build.0 = Debug|Any CPU
		{1409FC19-DC09-41C4-9CCC-4023D6799CA4}.Debug|ARM.ActiveCfg = Debug|Any CPU
		{1409FC19-DC09-41C4-9CCC-4023D6799CA4}.Debug|ARM.Build.0 = Debug|Any CPU
		{1409FC19-DC09-41C4-9CCC-4023D6799CA4}.Debug|iPhone.ActiveCfg = Debug|Any CPU
		{1409FC19-DC09-41C4-9CCC-4023D6799CA4}.Debug|iPhone.Build.0 = Debug|Any CPU
		{1409FC19-DC09-41C4-9CCC-4023D6799CA4}.Debug|iPhoneSimulator.ActiveCfg = Debug|Any CPU
		{1409FC19-DC09-41C4-9CCC-4023D6799CA4}.Debug|iPhoneSimulator.Build.0 = Debug|Any CPU
		{1409FC19-DC09-41C4-9CCC-4023D6799CA4}.Debug|x64.ActiveCfg = Debug|Any CPU
		{1409FC19-DC09-41C4-9CCC-4023D6799CA4}.Debug|x64.Build.0 = Debug|Any CPU
		{1409FC19-DC09-41C4-9CCC-4023D6799CA4}.Debug|x86.ActiveCfg = Debug|Any CPU
		{1409FC19-DC09-41C4-9CCC-4023D6799CA4}.Debug|x86.Build.0 = Debug|Any CPU
		{1409FC19-DC09-41C4-9CCC-4023D6799CA4}.Release|Any CPU.ActiveCfg = Release|Any CPU
		{1409FC19-DC09-41C4-9CCC-4023D6799CA4}.Release|Any CPU.Build.0 = Release|Any CPU
		{1409FC19-DC09-41C4-9CCC-4023D6799CA4}.Release|ARM.ActiveCfg = Release|Any CPU
		{1409FC19-DC09-41C4-9CCC-4023D6799CA4}.Release|ARM.Build.0 = Release|Any CPU
		{1409FC19-DC09-41C4-9CCC-4023D6799CA4}.Release|iPhone.ActiveCfg = Release|Any CPU
		{1409FC19-DC09-41C4-9CCC-4023D6799CA4}.Release|iPhone.Build.0 = Release|Any CPU
		{1409FC19-DC09-41C4-9CCC-4023D6799CA4}.Release|iPhoneSimulator.ActiveCfg = Release|Any CPU
		{1409FC19-DC09-41C4-9CCC-4023D6799CA4}.Release|iPhoneSimulator.Build.0 = Release|Any CPU
		{1409FC19-DC09-41C4-9CCC-4023D6799CA4}.Release|x64.ActiveCfg = Release|Any CPU
		{1409FC19-DC09-41C4-9CCC-4023D6799CA4}.Release|x64.Build.0 = Release|Any CPU
		{1409FC19-DC09-41C4-9CCC-4023D6799CA4}.Release|x86.ActiveCfg = Release|Any CPU
		{1409FC19-DC09-41C4-9CCC-4023D6799CA4}.Release|x86.Build.0 = Release|Any CPU
		{9FDFFD8F-46E0-4E8C-A30A-F642F59254B9}.Ad-Hoc|Any CPU.ActiveCfg = Release|Any CPU
		{9FDFFD8F-46E0-4E8C-A30A-F642F59254B9}.Ad-Hoc|Any CPU.Build.0 = Release|Any CPU
		{9FDFFD8F-46E0-4E8C-A30A-F642F59254B9}.Ad-Hoc|ARM.ActiveCfg = Release|Any CPU
		{9FDFFD8F-46E0-4E8C-A30A-F642F59254B9}.Ad-Hoc|ARM.Build.0 = Release|Any CPU
		{9FDFFD8F-46E0-4E8C-A30A-F642F59254B9}.Ad-Hoc|iPhone.ActiveCfg = Release|Any CPU
		{9FDFFD8F-46E0-4E8C-A30A-F642F59254B9}.Ad-Hoc|iPhone.Build.0 = Release|Any CPU
		{9FDFFD8F-46E0-4E8C-A30A-F642F59254B9}.Ad-Hoc|iPhoneSimulator.ActiveCfg = Release|Any CPU
		{9FDFFD8F-46E0-4E8C-A30A-F642F59254B9}.Ad-Hoc|iPhoneSimulator.Build.0 = Release|Any CPU
		{9FDFFD8F-46E0-4E8C-A30A-F642F59254B9}.Ad-Hoc|x64.ActiveCfg = Release|Any CPU
		{9FDFFD8F-46E0-4E8C-A30A-F642F59254B9}.Ad-Hoc|x64.Build.0 = Release|Any CPU
		{9FDFFD8F-46E0-4E8C-A30A-F642F59254B9}.Ad-Hoc|x86.ActiveCfg = Release|Any CPU
		{9FDFFD8F-46E0-4E8C-A30A-F642F59254B9}.Ad-Hoc|x86.Build.0 = Release|Any CPU
		{9FDFFD8F-46E0-4E8C-A30A-F642F59254B9}.AppStore|Any CPU.ActiveCfg = Release|Any CPU
		{9FDFFD8F-46E0-4E8C-A30A-F642F59254B9}.AppStore|Any CPU.Build.0 = Release|Any CPU
		{9FDFFD8F-46E0-4E8C-A30A-F642F59254B9}.AppStore|ARM.ActiveCfg = Release|Any CPU
		{9FDFFD8F-46E0-4E8C-A30A-F642F59254B9}.AppStore|ARM.Build.0 = Release|Any CPU
		{9FDFFD8F-46E0-4E8C-A30A-F642F59254B9}.AppStore|iPhone.ActiveCfg = Release|Any CPU
		{9FDFFD8F-46E0-4E8C-A30A-F642F59254B9}.AppStore|iPhone.Build.0 = Release|Any CPU
		{9FDFFD8F-46E0-4E8C-A30A-F642F59254B9}.AppStore|iPhoneSimulator.ActiveCfg = Release|Any CPU
		{9FDFFD8F-46E0-4E8C-A30A-F642F59254B9}.AppStore|iPhoneSimulator.Build.0 = Release|Any CPU
		{9FDFFD8F-46E0-4E8C-A30A-F642F59254B9}.AppStore|x64.ActiveCfg = Release|Any CPU
		{9FDFFD8F-46E0-4E8C-A30A-F642F59254B9}.AppStore|x64.Build.0 = Release|Any CPU
		{9FDFFD8F-46E0-4E8C-A30A-F642F59254B9}.AppStore|x86.ActiveCfg = Release|Any CPU
		{9FDFFD8F-46E0-4E8C-A30A-F642F59254B9}.AppStore|x86.Build.0 = Release|Any CPU
		{9FDFFD8F-46E0-4E8C-A30A-F642F59254B9}.Debug|Any CPU.ActiveCfg = Debug|Any CPU
		{9FDFFD8F-46E0-4E8C-A30A-F642F59254B9}.Debug|Any CPU.Build.0 = Debug|Any CPU
		{9FDFFD8F-46E0-4E8C-A30A-F642F59254B9}.Debug|ARM.ActiveCfg = Debug|Any CPU
		{9FDFFD8F-46E0-4E8C-A30A-F642F59254B9}.Debug|ARM.Build.0 = Debug|Any CPU
		{9FDFFD8F-46E0-4E8C-A30A-F642F59254B9}.Debug|iPhone.ActiveCfg = Debug|Any CPU
		{9FDFFD8F-46E0-4E8C-A30A-F642F59254B9}.Debug|iPhone.Build.0 = Debug|Any CPU
		{9FDFFD8F-46E0-4E8C-A30A-F642F59254B9}.Debug|iPhoneSimulator.ActiveCfg = Debug|Any CPU
		{9FDFFD8F-46E0-4E8C-A30A-F642F59254B9}.Debug|iPhoneSimulator.Build.0 = Debug|Any CPU
		{9FDFFD8F-46E0-4E8C-A30A-F642F59254B9}.Debug|x64.ActiveCfg = Debug|Any CPU
		{9FDFFD8F-46E0-4E8C-A30A-F642F59254B9}.Debug|x64.Build.0 = Debug|Any CPU
		{9FDFFD8F-46E0-4E8C-A30A-F642F59254B9}.Debug|x86.ActiveCfg = Debug|Any CPU
		{9FDFFD8F-46E0-4E8C-A30A-F642F59254B9}.Debug|x86.Build.0 = Debug|Any CPU
		{9FDFFD8F-46E0-4E8C-A30A-F642F59254B9}.Release|Any CPU.ActiveCfg = Release|Any CPU
		{9FDFFD8F-46E0-4E8C-A30A-F642F59254B9}.Release|Any CPU.Build.0 = Release|Any CPU
		{9FDFFD8F-46E0-4E8C-A30A-F642F59254B9}.Release|ARM.ActiveCfg = Release|Any CPU
		{9FDFFD8F-46E0-4E8C-A30A-F642F59254B9}.Release|ARM.Build.0 = Release|Any CPU
		{9FDFFD8F-46E0-4E8C-A30A-F642F59254B9}.Release|iPhone.ActiveCfg = Release|Any CPU
		{9FDFFD8F-46E0-4E8C-A30A-F642F59254B9}.Release|iPhone.Build.0 = Release|Any CPU
		{9FDFFD8F-46E0-4E8C-A30A-F642F59254B9}.Release|iPhoneSimulator.ActiveCfg = Release|Any CPU
		{9FDFFD8F-46E0-4E8C-A30A-F642F59254B9}.Release|iPhoneSimulator.Build.0 = Release|Any CPU
		{9FDFFD8F-46E0-4E8C-A30A-F642F59254B9}.Release|x64.ActiveCfg = Release|Any CPU
		{9FDFFD8F-46E0-4E8C-A30A-F642F59254B9}.Release|x64.Build.0 = Release|Any CPU
		{9FDFFD8F-46E0-4E8C-A30A-F642F59254B9}.Release|x86.ActiveCfg = Release|Any CPU
		{9FDFFD8F-46E0-4E8C-A30A-F642F59254B9}.Release|x86.Build.0 = Release|Any CPU
		{CDFB7AD2-CDB0-409B-8380-E1DFB39669ED}.Ad-Hoc|Any CPU.ActiveCfg = Release|Any CPU
		{CDFB7AD2-CDB0-409B-8380-E1DFB39669ED}.Ad-Hoc|Any CPU.Build.0 = Release|Any CPU
		{CDFB7AD2-CDB0-409B-8380-E1DFB39669ED}.Ad-Hoc|ARM.ActiveCfg = Release|ARM
		{CDFB7AD2-CDB0-409B-8380-E1DFB39669ED}.Ad-Hoc|ARM.Build.0 = Release|ARM
		{CDFB7AD2-CDB0-409B-8380-E1DFB39669ED}.Ad-Hoc|iPhone.ActiveCfg = Release|Any CPU
		{CDFB7AD2-CDB0-409B-8380-E1DFB39669ED}.Ad-Hoc|iPhone.Build.0 = Release|Any CPU
		{CDFB7AD2-CDB0-409B-8380-E1DFB39669ED}.Ad-Hoc|iPhoneSimulator.ActiveCfg = Release|Any CPU
		{CDFB7AD2-CDB0-409B-8380-E1DFB39669ED}.Ad-Hoc|iPhoneSimulator.Build.0 = Release|Any CPU
		{CDFB7AD2-CDB0-409B-8380-E1DFB39669ED}.Ad-Hoc|x64.ActiveCfg = Release|x64
		{CDFB7AD2-CDB0-409B-8380-E1DFB39669ED}.Ad-Hoc|x64.Build.0 = Release|x64
		{CDFB7AD2-CDB0-409B-8380-E1DFB39669ED}.Ad-Hoc|x86.ActiveCfg = Release|x86
		{CDFB7AD2-CDB0-409B-8380-E1DFB39669ED}.Ad-Hoc|x86.Build.0 = Release|x86
		{CDFB7AD2-CDB0-409B-8380-E1DFB39669ED}.AppStore|Any CPU.ActiveCfg = Release|Any CPU
		{CDFB7AD2-CDB0-409B-8380-E1DFB39669ED}.AppStore|Any CPU.Build.0 = Release|Any CPU
		{CDFB7AD2-CDB0-409B-8380-E1DFB39669ED}.AppStore|ARM.ActiveCfg = Release|ARM
		{CDFB7AD2-CDB0-409B-8380-E1DFB39669ED}.AppStore|ARM.Build.0 = Release|ARM
		{CDFB7AD2-CDB0-409B-8380-E1DFB39669ED}.AppStore|iPhone.ActiveCfg = Release|Any CPU
		{CDFB7AD2-CDB0-409B-8380-E1DFB39669ED}.AppStore|iPhone.Build.0 = Release|Any CPU
		{CDFB7AD2-CDB0-409B-8380-E1DFB39669ED}.AppStore|iPhoneSimulator.ActiveCfg = Release|Any CPU
		{CDFB7AD2-CDB0-409B-8380-E1DFB39669ED}.AppStore|iPhoneSimulator.Build.0 = Release|Any CPU
		{CDFB7AD2-CDB0-409B-8380-E1DFB39669ED}.AppStore|x64.ActiveCfg = Release|x64
		{CDFB7AD2-CDB0-409B-8380-E1DFB39669ED}.AppStore|x64.Build.0 = Release|x64
		{CDFB7AD2-CDB0-409B-8380-E1DFB39669ED}.AppStore|x86.ActiveCfg = Release|x86
		{CDFB7AD2-CDB0-409B-8380-E1DFB39669ED}.AppStore|x86.Build.0 = Release|x86
		{CDFB7AD2-CDB0-409B-8380-E1DFB39669ED}.Debug|Any CPU.ActiveCfg = Debug|Any CPU
		{CDFB7AD2-CDB0-409B-8380-E1DFB39669ED}.Debug|Any CPU.Build.0 = Debug|Any CPU
		{CDFB7AD2-CDB0-409B-8380-E1DFB39669ED}.Debug|ARM.ActiveCfg = Debug|ARM
		{CDFB7AD2-CDB0-409B-8380-E1DFB39669ED}.Debug|ARM.Build.0 = Debug|ARM
		{CDFB7AD2-CDB0-409B-8380-E1DFB39669ED}.Debug|iPhone.ActiveCfg = Debug|Any CPU
		{CDFB7AD2-CDB0-409B-8380-E1DFB39669ED}.Debug|iPhone.Build.0 = Debug|Any CPU
		{CDFB7AD2-CDB0-409B-8380-E1DFB39669ED}.Debug|iPhoneSimulator.ActiveCfg = Debug|Any CPU
		{CDFB7AD2-CDB0-409B-8380-E1DFB39669ED}.Debug|iPhoneSimulator.Build.0 = Debug|Any CPU
		{CDFB7AD2-CDB0-409B-8380-E1DFB39669ED}.Debug|x64.ActiveCfg = Debug|x64
		{CDFB7AD2-CDB0-409B-8380-E1DFB39669ED}.Debug|x64.Build.0 = Debug|x64
		{CDFB7AD2-CDB0-409B-8380-E1DFB39669ED}.Debug|x86.ActiveCfg = Debug|x86
		{CDFB7AD2-CDB0-409B-8380-E1DFB39669ED}.Debug|x86.Build.0 = Debug|x86
		{CDFB7AD2-CDB0-409B-8380-E1DFB39669ED}.Release|Any CPU.ActiveCfg = Release|Any CPU
		{CDFB7AD2-CDB0-409B-8380-E1DFB39669ED}.Release|Any CPU.Build.0 = Release|Any CPU
		{CDFB7AD2-CDB0-409B-8380-E1DFB39669ED}.Release|ARM.ActiveCfg = Release|ARM
		{CDFB7AD2-CDB0-409B-8380-E1DFB39669ED}.Release|ARM.Build.0 = Release|ARM
		{CDFB7AD2-CDB0-409B-8380-E1DFB39669ED}.Release|iPhone.ActiveCfg = Release|Any CPU
		{CDFB7AD2-CDB0-409B-8380-E1DFB39669ED}.Release|iPhone.Build.0 = Release|Any CPU
		{CDFB7AD2-CDB0-409B-8380-E1DFB39669ED}.Release|iPhoneSimulator.ActiveCfg = Release|Any CPU
		{CDFB7AD2-CDB0-409B-8380-E1DFB39669ED}.Release|iPhoneSimulator.Build.0 = Release|Any CPU
		{CDFB7AD2-CDB0-409B-8380-E1DFB39669ED}.Release|x64.ActiveCfg = Release|x64
		{CDFB7AD2-CDB0-409B-8380-E1DFB39669ED}.Release|x64.Build.0 = Release|x64
		{CDFB7AD2-CDB0-409B-8380-E1DFB39669ED}.Release|x86.ActiveCfg = Release|x86
		{CDFB7AD2-CDB0-409B-8380-E1DFB39669ED}.Release|x86.Build.0 = Release|x86
	EndGlobalSection
	GlobalSection(SolutionProperties) = preSolution
		HideSolutionNode = FALSE
	EndGlobalSection
	GlobalSection(NestedProjects) = preSolution
		{67F9D3A8-F71E-4428-913F-C37AE82CDB24} = {E7F2727F-1ECA-48B5-80AB-87283E014837}
		{79DAB525-E308-43A2-9C5D-4A9667884E06} = {E7F2727F-1ECA-48B5-80AB-87283E014837}
		{63F1E3B5-0AD4-4A40-8B4B-2C7E368214C4} = {E7F2727F-1ECA-48B5-80AB-87283E014837}
		{1409FC19-DC09-41C4-9CCC-4023D6799CA4} = {E7F2727F-1ECA-48B5-80AB-87283E014837}
		{9FDFFD8F-46E0-4E8C-A30A-F642F59254B9} = {E7F2727F-1ECA-48B5-80AB-87283E014837}
		{CDFB7AD2-CDB0-409B-8380-E1DFB39669ED} = {E7F2727F-1ECA-48B5-80AB-87283E014837}
	EndGlobalSection
EndGlobal
